// !$*UTF8*$!
{
	archiveVersion = 1;
	classes = {
	};
	objectVersion = 55;
	objects = {

/* Begin PBXBuildFile section */
		DE956EB42855117200A514A8 /* networkappApp.swift in Sources */ = {isa = PBXBuildFile; fileRef = DE956EB32855117200A514A8 /* networkappApp.swift */; };
		DE956EB62855117200A514A8 /* ContentView.swift in Sources */ = {isa = PBXBuildFile; fileRef = DE956EB52855117200A514A8 /* ContentView.swift */; };
		DE956EB82855117700A514A8 /* Assets.xcassets in Resources */ = {isa = PBXBuildFile; fileRef = DE956EB72855117700A514A8 /* Assets.xcassets */; };
		DE956EBB2855117700A514A8 /* Preview Assets.xcassets in Resources */ = {isa = PBXBuildFile; fileRef = DE956EBA2855117700A514A8 /* Preview Assets.xcassets */; };
		DE956EC52855117700A514A8 /* networkappTests.swift in Sources */ = {isa = PBXBuildFile; fileRef = DE956EC42855117700A514A8 /* networkappTests.swift */; };
		DE956ECF2855117700A514A8 /* networkappUITests.swift in Sources */ = {isa = PBXBuildFile; fileRef = DE956ECE2855117700A514A8 /* networkappUITests.swift */; };
		DE956ED12855117700A514A8 /* networkappUITestsLaunchTests.swift in Sources */ = {isa = PBXBuildFile; fileRef = DE956ED02855117700A514A8 /* networkappUITestsLaunchTests.swift */; };
		DEDF1E222857A8DD00B0A04A /* LocationManager.swift in Sources */ = {isa = PBXBuildFile; fileRef = DEDF1E212857A8DD00B0A04A /* LocationManager.swift */; };
		DEDF1E252857AADE00B0A04A /* WelcomeView.swift in Sources */ = {isa = PBXBuildFile; fileRef = DEDF1E242857AADE00B0A04A /* WelcomeView.swift */; };
		DEDF1E272857B05A00B0A04A /* LoadingView.swift in Sources */ = {isa = PBXBuildFile; fileRef = DEDF1E262857B05A00B0A04A /* LoadingView.swift */; };
		DEDF1E2C2857B5A200B0A04A /* WeatherManager.swift in Sources */ = {isa = PBXBuildFile; fileRef = DEDF1E2B2857B5A200B0A04A /* WeatherManager.swift */; };
		DEDF1E2E2857B80B00B0A04A /* ResponseBody.swift in Sources */ = {isa = PBXBuildFile; fileRef = DEDF1E2D2857B80B00B0A04A /* ResponseBody.swift */; };
		DEDF1E302857BBCC00B0A04A /* WeatherView.swift in Sources */ = {isa = PBXBuildFile; fileRef = DEDF1E2F2857BBCC00B0A04A /* WeatherView.swift */; };
		DEDF1E322857BC6900B0A04A /* ModelData.swift in Sources */ = {isa = PBXBuildFile; fileRef = DEDF1E312857BC6900B0A04A /* ModelData.swift */; };
		DEDF1E342857BC7F00B0A04A /* weatherData.json in Resources */ = {isa = PBXBuildFile; fileRef = DEDF1E332857BC7F00B0A04A /* weatherData.json */; };
		DEDF1E362857BD9100B0A04A /* Extensions.swift in Sources */ = {isa = PBXBuildFile; fileRef = DEDF1E352857BD9100B0A04A /* Extensions.swift */; };
		DEDF1E392857C83E00B0A04A /* WeatherRow.swift in Sources */ = {isa = PBXBuildFile; fileRef = DEDF1E382857C83E00B0A04A /* WeatherRow.swift */; };
/* End PBXBuildFile section */

/* Begin PBXContainerItemProxy section */
		DE956EC12855117700A514A8 /* PBXContainerItemProxy */ = {
			isa = PBXContainerItemProxy;
			containerPortal = DE956EA82855117100A514A8 /* Project object */;
			proxyType = 1;
			remoteGlobalIDString = DE956EAF2855117100A514A8;
			remoteInfo = networkapp;
		};
		DE956ECB2855117700A514A8 /* PBXContainerItemProxy */ = {
			isa = PBXContainerItemProxy;
			containerPortal = DE956EA82855117100A514A8 /* Project object */;
			proxyType = 1;
			remoteGlobalIDString = DE956EAF2855117100A514A8;
			remoteInfo = networkapp;
		};
/* End PBXContainerItemProxy section */

/* Begin PBXFileReference section */
		DE956EB02855117200A514A8 /* networkapp.app */ = {isa = PBXFileReference; explicitFileType = wrapper.application; includeInIndex = 0; path = networkapp.app; sourceTree = BUILT_PRODUCTS_DIR; };
		DE956EB32855117200A514A8 /* networkappApp.swift */ = {isa = PBXFileReference; lastKnownFileType = sourcecode.swift; path = networkappApp.swift; sourceTree = "<group>"; };
		DE956EB52855117200A514A8 /* ContentView.swift */ = {isa = PBXFileReference; lastKnownFileType = sourcecode.swift; path = ContentView.swift; sourceTree = "<group>"; };
		DE956EB72855117700A514A8 /* Assets.xcassets */ = {isa = PBXFileReference; lastKnownFileType = folder.assetcatalog; path = Assets.xcassets; sourceTree = "<group>"; };
		DE956EBA2855117700A514A8 /* Preview Assets.xcassets */ = {isa = PBXFileReference; lastKnownFileType = folder.assetcatalog; path = "Preview Assets.xcassets"; sourceTree = "<group>"; };
		DE956EC02855117700A514A8 /* networkappTests.xctest */ = {isa = PBXFileReference; explicitFileType = wrapper.cfbundle; includeInIndex = 0; path = networkappTests.xctest; sourceTree = BUILT_PRODUCTS_DIR; };
		DE956EC42855117700A514A8 /* networkappTests.swift */ = {isa = PBXFileReference; lastKnownFileType = sourcecode.swift; path = networkappTests.swift; sourceTree = "<group>"; };
		DE956ECA2855117700A514A8 /* networkappUITests.xctest */ = {isa = PBXFileReference; explicitFileType = wrapper.cfbundle; includeInIndex = 0; path = networkappUITests.xctest; sourceTree = BUILT_PRODUCTS_DIR; };
		DE956ECE2855117700A514A8 /* networkappUITests.swift */ = {isa = PBXFileReference; lastKnownFileType = sourcecode.swift; path = networkappUITests.swift; sourceTree = "<group>"; };
		DE956ED02855117700A514A8 /* networkappUITestsLaunchTests.swift */ = {isa = PBXFileReference; lastKnownFileType = sourcecode.swift; path = networkappUITestsLaunchTests.swift; sourceTree = "<group>"; };
		DEDF1E212857A8DD00B0A04A /* LocationManager.swift */ = {isa = PBXFileReference; lastKnownFileType = sourcecode.swift; path = LocationManager.swift; sourceTree = "<group>"; };
		DEDF1E242857AADE00B0A04A /* WelcomeView.swift */ = {isa = PBXFileReference; lastKnownFileType = sourcecode.swift; path = WelcomeView.swift; sourceTree = "<group>"; };
		DEDF1E262857B05A00B0A04A /* LoadingView.swift */ = {isa = PBXFileReference; lastKnownFileType = sourcecode.swift; path = LoadingView.swift; sourceTree = "<group>"; };
		DEDF1E2B2857B5A200B0A04A /* WeatherManager.swift */ = {isa = PBXFileReference; lastKnownFileType = sourcecode.swift; path = WeatherManager.swift; sourceTree = "<group>"; };
		DEDF1E2D2857B80B00B0A04A /* ResponseBody.swift */ = {isa = PBXFileReference; lastKnownFileType = sourcecode.swift; path = ResponseBody.swift; sourceTree = "<group>"; };
		DEDF1E2F2857BBCC00B0A04A /* WeatherView.swift */ = {isa = PBXFileReference; lastKnownFileType = sourcecode.swift; path = WeatherView.swift; sourceTree = "<group>"; };
		DEDF1E312857BC6900B0A04A /* ModelData.swift */ = {isa = PBXFileReference; lastKnownFileType = sourcecode.swift; path = ModelData.swift; sourceTree = "<group>"; };
		DEDF1E332857BC7F00B0A04A /* weatherData.json */ = {isa = PBXFileReference; lastKnownFileType = text.json; path = weatherData.json; sourceTree = "<group>"; };
		DEDF1E352857BD9100B0A04A /* Extensions.swift */ = {isa = PBXFileReference; lastKnownFileType = sourcecode.swift; path = Extensions.swift; sourceTree = "<group>"; };
		DEDF1E382857C83E00B0A04A /* WeatherRow.swift */ = {isa = PBXFileReference; lastKnownFileType = sourcecode.swift; path = WeatherRow.swift; sourceTree = "<group>"; };
/* End PBXFileReference section */

/* Begin PBXFrameworksBuildPhase section */
		DE956EAD2855117100A514A8 /* Frameworks */ = {
			isa = PBXFrameworksBuildPhase;
			buildActionMask = 2147483647;
			files = (
			);
			runOnlyForDeploymentPostprocessing = 0;
		};
		DE956EBD2855117700A514A8 /* Frameworks */ = {
			isa = PBXFrameworksBuildPhase;
			buildActionMask = 2147483647;
			files = (
			);
			runOnlyForDeploymentPostprocessing = 0;
		};
		DE956EC72855117700A514A8 /* Frameworks */ = {
			isa = PBXFrameworksBuildPhase;
			buildActionMask = 2147483647;
			files = (
			);
			runOnlyForDeploymentPostprocessing = 0;
		};
/* End PBXFrameworksBuildPhase section */

/* Begin PBXGroup section */
		DE956EA72855117100A514A8 = {
			isa = PBXGroup;
			children = (
				DE956EB22855117200A514A8 /* networkapp */,
				DE956EC32855117700A514A8 /* networkappTests */,
				DE956ECD2855117700A514A8 /* networkappUITests */,
				DE956EB12855117200A514A8 /* Products */,
			);
			sourceTree = "<group>";
		};
		DE956EB12855117200A514A8 /* Products */ = {
			isa = PBXGroup;
			children = (
				DE956EB02855117200A514A8 /* networkapp.app */,
				DE956EC02855117700A514A8 /* networkappTests.xctest */,
				DE956ECA2855117700A514A8 /* networkappUITests.xctest */,
			);
			name = Products;
			sourceTree = "<group>";
		};
		DE956EB22855117200A514A8 /* networkapp */ = {
			isa = PBXGroup;
			children = (
				DEDF1E372857C82E00B0A04A /* Components */,
				DEDF1E282857B4BB00B0A04A /* Views */,
				DE956EB32855117200A514A8 /* networkappApp.swift */,
				DEDF1E202857A8C400B0A04A /* Managers */,
				DE956EB72855117700A514A8 /* Assets.xcassets */,
				DE956EB92855117700A514A8 /* Preview Content */,
				DEDF1E352857BD9100B0A04A /* Extensions.swift */,
			);
			path = networkapp;
			sourceTree = "<group>";
		};
		DE956EB92855117700A514A8 /* Preview Content */ = {
			isa = PBXGroup;
			children = (
				DE956EBA2855117700A514A8 /* Preview Assets.xcassets */,
				DEDF1E312857BC6900B0A04A /* ModelData.swift */,
				DEDF1E332857BC7F00B0A04A /* weatherData.json */,
			);
			path = "Preview Content";
			sourceTree = "<group>";
		};
		DE956EC32855117700A514A8 /* networkappTests */ = {
			isa = PBXGroup;
			children = (
				DE956EC42855117700A514A8 /* networkappTests.swift */,
			);
			path = networkappTests;
			sourceTree = "<group>";
		};
		DE956ECD2855117700A514A8 /* networkappUITests */ = {
			isa = PBXGroup;
			children = (
				DE956ECE2855117700A514A8 /* networkappUITests.swift */,
				DE956ED02855117700A514A8 /* networkappUITestsLaunchTests.swift */,
			);
			path = networkappUITests;
			sourceTree = "<group>";
		};
		DEDF1E202857A8C400B0A04A /* Managers */ = {
			isa = PBXGroup;
			children = (
				DEDF1E212857A8DD00B0A04A /* LocationManager.swift */,
				DEDF1E2B2857B5A200B0A04A /* WeatherManager.swift */,
				DEDF1E2D2857B80B00B0A04A /* ResponseBody.swift */,
			);
			path = Managers;
			sourceTree = "<group>";
		};
		DEDF1E282857B4BB00B0A04A /* Views */ = {
			isa = PBXGroup;
			children = (
				DE956EB52855117200A514A8 /* ContentView.swift */,
				DEDF1E242857AADE00B0A04A /* WelcomeView.swift */,
				DEDF1E262857B05A00B0A04A /* LoadingView.swift */,
				DEDF1E2F2857BBCC00B0A04A /* WeatherView.swift */,
			);
			path = Views;
			sourceTree = "<group>";
		};
		DEDF1E372857C82E00B0A04A /* Components */ = {
			isa = PBXGroup;
			children = (
				DEDF1E382857C83E00B0A04A /* WeatherRow.swift */,
			);
			path = Components;
			sourceTree = "<group>";
		};
/* End PBXGroup section */

/* Begin PBXNativeTarget section */
		DE956EAF2855117100A514A8 /* networkapp */ = {
			isa = PBXNativeTarget;
			buildConfigurationList = DE956ED42855117700A514A8 /* Build configuration list for PBXNativeTarget "networkapp" */;
			buildPhases = (
				DE956EAC2855117100A514A8 /* Sources */,
				DE956EAD2855117100A514A8 /* Frameworks */,
				DE956EAE2855117100A514A8 /* Resources */,
			);
			buildRules = (
			);
			dependencies = (
			);
			name = networkapp;
			productName = networkapp;
			productReference = DE956EB02855117200A514A8 /* networkapp.app */;
			productType = "com.apple.product-type.application";
		};
		DE956EBF2855117700A514A8 /* networkappTests */ = {
			isa = PBXNativeTarget;
			buildConfigurationList = DE956ED72855117700A514A8 /* Build configuration list for PBXNativeTarget "networkappTests" */;
			buildPhases = (
				DE956EBC2855117700A514A8 /* Sources */,
				DE956EBD2855117700A514A8 /* Frameworks */,
				DE956EBE2855117700A514A8 /* Resources */,
			);
			buildRules = (
			);
			dependencies = (
				DE956EC22855117700A514A8 /* PBXTargetDependency */,
			);
			name = networkappTests;
			productName = networkappTests;
			productReference = DE956EC02855117700A514A8 /* networkappTests.xctest */;
			productType = "com.apple.product-type.bundle.unit-test";
		};
		DE956EC92855117700A514A8 /* networkappUITests */ = {
			isa = PBXNativeTarget;
			buildConfigurationList = DE956EDA2855117700A514A8 /* Build configuration list for PBXNativeTarget "networkappUITests" */;
			buildPhases = (
				DE956EC62855117700A514A8 /* Sources */,
				DE956EC72855117700A514A8 /* Frameworks */,
				DE956EC82855117700A514A8 /* Resources */,
			);
			buildRules = (
			);
			dependencies = (
				DE956ECC2855117700A514A8 /* PBXTargetDependency */,
			);
			name = networkappUITests;
			productName = networkappUITests;
			productReference = DE956ECA2855117700A514A8 /* networkappUITests.xctest */;
			productType = "com.apple.product-type.bundle.ui-testing";
		};
/* End PBXNativeTarget section */

/* Begin PBXProject section */
		DE956EA82855117100A514A8 /* Project object */ = {
			isa = PBXProject;
			attributes = {
				BuildIndependentTargetsInParallel = 1;
				LastSwiftUpdateCheck = 1340;
				LastUpgradeCheck = 1340;
				TargetAttributes = {
					DE956EAF2855117100A514A8 = {
						CreatedOnToolsVersion = 13.4.1;
					};
					DE956EBF2855117700A514A8 = {
						CreatedOnToolsVersion = 13.4.1;
						TestTargetID = DE956EAF2855117100A514A8;
					};
					DE956EC92855117700A514A8 = {
						CreatedOnToolsVersion = 13.4.1;
						TestTargetID = DE956EAF2855117100A514A8;
					};
				};
			};
			buildConfigurationList = DE956EAB2855117100A514A8 /* Build configuration list for PBXProject "networkapp" */;
			compatibilityVersion = "Xcode 13.0";
			developmentRegion = en;
			hasScannedForEncodings = 0;
			knownRegions = (
				en,
				Base,
			);
			mainGroup = DE956EA72855117100A514A8;
			productRefGroup = DE956EB12855117200A514A8 /* Products */;
			projectDirPath = "";
			projectRoot = "";
			targets = (
				DE956EAF2855117100A514A8 /* networkapp */,
				DE956EBF2855117700A514A8 /* networkappTests */,
				DE956EC92855117700A514A8 /* networkappUITests */,
			);
		};
/* End PBXProject section */

/* Begin PBXResourcesBuildPhase section */
		DE956EAE2855117100A514A8 /* Resources */ = {
			isa = PBXResourcesBuildPhase;
			buildActionMask = 2147483647;
			files = (
				DE956EBB2855117700A514A8 /* Preview Assets.xcassets in Resources */,
				DEDF1E342857BC7F00B0A04A /* weatherData.json in Resources */,
				DE956EB82855117700A514A8 /* Assets.xcassets in Resources */,
			);
			runOnlyForDeploymentPostprocessing = 0;
		};
		DE956EBE2855117700A514A8 /* Resources */ = {
			isa = PBXResourcesBuildPhase;
			buildActionMask = 2147483647;
			files = (
			);
			runOnlyForDeploymentPostprocessing = 0;
		};
		DE956EC82855117700A514A8 /* Resources */ = {
			isa = PBXResourcesBuildPhase;
			buildActionMask = 2147483647;
			files = (
			);
			runOnlyForDeploymentPostprocessing = 0;
		};
/* End PBXResourcesBuildPhase section */

/* Begin PBXSourcesBuildPhase section */
		DE956EAC2855117100A514A8 /* Sources */ = {
			isa = PBXSourcesBuildPhase;
			buildActionMask = 2147483647;
			files = (
				DEDF1E392857C83E00B0A04A /* WeatherRow.swift in Sources */,
				DEDF1E2E2857B80B00B0A04A /* ResponseBody.swift in Sources */,
				DEDF1E2C2857B5A200B0A04A /* WeatherManager.swift in Sources */,
				DEDF1E322857BC6900B0A04A /* ModelData.swift in Sources */,
				DEDF1E252857AADE00B0A04A /* WelcomeView.swift in Sources */,
				DE956EB62855117200A514A8 /* ContentView.swift in Sources */,
				DEDF1E362857BD9100B0A04A /* Extensions.swift in Sources */,
				DEDF1E222857A8DD00B0A04A /* LocationManager.swift in Sources */,
				DEDF1E272857B05A00B0A04A /* LoadingView.swift in Sources */,
				DE956EB42855117200A514A8 /* networkappApp.swift in Sources */,
				DEDF1E302857BBCC00B0A04A /* WeatherView.swift in Sources */,
			);
			runOnlyForDeploymentPostprocessing = 0;
		};
		DE956EBC2855117700A514A8 /* Sources */ = {
			isa = PBXSourcesBuildPhase;
			buildActionMask = 2147483647;
			files = (
				DE956EC52855117700A514A8 /* networkappTests.swift in Sources */,
			);
			runOnlyForDeploymentPostprocessing = 0;
		};
		DE956EC62855117700A514A8 /* Sources */ = {
			isa = PBXSourcesBuildPhase;
			buildActionMask = 2147483647;
			files = (
				DE956ECF2855117700A514A8 /* networkappUITests.swift in Sources */,
				DE956ED12855117700A514A8 /* networkappUITestsLaunchTests.swift in Sources */,
			);
			runOnlyForDeploymentPostprocessing = 0;
		};
/* End PBXSourcesBuildPhase section */

/* Begin PBXTargetDependency section */
		DE956EC22855117700A514A8 /* PBXTargetDependency */ = {
			isa = PBXTargetDependency;
			target = DE956EAF2855117100A514A8 /* networkapp */;
			targetProxy = DE956EC12855117700A514A8 /* PBXContainerItemProxy */;
		};
		DE956ECC2855117700A514A8 /* PBXTargetDependency */ = {
			isa = PBXTargetDependency;
			target = DE956EAF2855117100A514A8 /* networkapp */;
			targetProxy = DE956ECB2855117700A514A8 /* PBXContainerItemProxy */;
		};
/* End PBXTargetDependency section */

/* Begin XCBuildConfiguration section */
		DE956ED22855117700A514A8 /* Debug */ = {
			isa = XCBuildConfiguration;
			buildSettings = {
				ALWAYS_SEARCH_USER_PATHS = NO;
				CLANG_ANALYZER_NONNULL = YES;
				CLANG_ANALYZER_NUMBER_OBJECT_CONVERSION = YES_AGGRESSIVE;
				CLANG_CXX_LANGUAGE_STANDARD = "gnu++17";
				CLANG_ENABLE_MODULES = YES;
				CLANG_ENABLE_OBJC_ARC = YES;
				CLANG_ENABLE_OBJC_WEAK = YES;
				CLANG_WARN_BLOCK_CAPTURE_AUTORELEASING = YES;
				CLANG_WARN_BOOL_CONVERSION = YES;
				CLANG_WARN_COMMA = YES;
				CLANG_WARN_CONSTANT_CONVERSION = YES;
				CLANG_WARN_DEPRECATED_OBJC_IMPLEMENTATIONS = YES;
				CLANG_WARN_DIRECT_OBJC_ISA_USAGE = YES_ERROR;
				CLANG_WARN_DOCUMENTATION_COMMENTS = YES;
				CLANG_WARN_EMPTY_BODY = YES;
				CLANG_WARN_ENUM_CONVERSION = YES;
				CLANG_WARN_INFINITE_RECURSION = YES;
				CLANG_WARN_INT_CONVERSION = YES;
				CLANG_WARN_NON_LITERAL_NULL_CONVERSION = YES;
				CLANG_WARN_OBJC_IMPLICIT_RETAIN_SELF = YES;
				CLANG_WARN_OBJC_LITERAL_CONVERSION = YES;
				CLANG_WARN_OBJC_ROOT_CLASS = YES_ERROR;
				CLANG_WARN_QUOTED_INCLUDE_IN_FRAMEWORK_HEADER = YES;
				CLANG_WARN_RANGE_LOOP_ANALYSIS = YES;
				CLANG_WARN_STRICT_PROTOTYPES = YES;
				CLANG_WARN_SUSPICIOUS_MOVE = YES;
				CLANG_WARN_UNGUARDED_AVAILABILITY = YES_AGGRESSIVE;
				CLANG_WARN_UNREACHABLE_CODE = YES;
				CLANG_WARN__DUPLICATE_METHOD_MATCH = YES;
				COPY_PHASE_STRIP = NO;
				DEBUG_INFORMATION_FORMAT = dwarf;
				ENABLE_STRICT_OBJC_MSGSEND = YES;
				ENABLE_TESTABILITY = YES;
				GCC_C_LANGUAGE_STANDARD = gnu11;
				GCC_DYNAMIC_NO_PIC = NO;
				GCC_NO_COMMON_BLOCKS = YES;
				GCC_OPTIMIZATION_LEVEL = 0;
				GCC_PREPROCESSOR_DEFINITIONS = (
					"DEBUG=1",
					"$(inherited)",
				);
				GCC_WARN_64_TO_32_BIT_CONVERSION = YES;
				GCC_WARN_ABOUT_RETURN_TYPE = YES_ERROR;
				GCC_WARN_UNDECLARED_SELECTOR = YES;
				GCC_WARN_UNINITIALIZED_AUTOS = YES_AGGRESSIVE;
				GCC_WARN_UNUSED_FUNCTION = YES;
				GCC_WARN_UNUSED_VARIABLE = YES;
				IPHONEOS_DEPLOYMENT_TARGET = 15.5;
				MTL_ENABLE_DEBUG_INFO = INCLUDE_SOURCE;
				MTL_FAST_MATH = YES;
				ONLY_ACTIVE_ARCH = YES;
				SDKROOT = iphoneos;
				SWIFT_ACTIVE_COMPILATION_CONDITIONS = DEBUG;
				SWIFT_OPTIMIZATION_LEVEL = "-Onone";
			};
			name = Debug;
		};
		DE956ED32855117700A514A8 /* Release */ = {
			isa = XCBuildConfiguration;
			buildSettings = {
				ALWAYS_SEARCH_USER_PATHS = NO;
				CLANG_ANALYZER_NONNULL = YES;
				CLANG_ANALYZER_NUMBER_OBJECT_CONVERSION = YES_AGGRESSIVE;
				CLANG_CXX_LANGUAGE_STANDARD = "gnu++17";
				CLANG_ENABLE_MODULES = YES;
				CLANG_ENABLE_OBJC_ARC = YES;
				CLANG_ENABLE_OBJC_WEAK = YES;
				CLANG_WARN_BLOCK_CAPTURE_AUTORELEASING = YES;
				CLANG_WARN_BOOL_CONVERSION = YES;
				CLANG_WARN_COMMA = YES;
				CLANG_WARN_CONSTANT_CONVERSION = YES;
				CLANG_WARN_DEPRECATED_OBJC_IMPLEMENTATIONS = YES;
				CLANG_WARN_DIRECT_OBJC_ISA_USAGE = YES_ERROR;
				CLANG_WARN_DOCUMENTATION_COMMENTS = YES;
				CLANG_WARN_EMPTY_BODY = YES;
				CLANG_WARN_ENUM_CONVERSION = YES;
				CLANG_WARN_INFINITE_RECURSION = YES;
				CLANG_WARN_INT_CONVERSION = YES;
				CLANG_WARN_NON_LITERAL_NULL_CONVERSION = YES;
				CLANG_WARN_OBJC_IMPLICIT_RETAIN_SELF = YES;
				CLANG_WARN_OBJC_LITERAL_CONVERSION = YES;
				CLANG_WARN_OBJC_ROOT_CLASS = YES_ERROR;
				CLANG_WARN_QUOTED_INCLUDE_IN_FRAMEWORK_HEADER = YES;
				CLANG_WARN_RANGE_LOOP_ANALYSIS = YES;
				CLANG_WARN_STRICT_PROTOTYPES = YES;
				CLANG_WARN_SUSPICIOUS_MOVE = YES;
				CLANG_WARN_UNGUARDED_AVAILABILITY = YES_AGGRESSIVE;
				CLANG_WARN_UNREACHABLE_CODE = YES;
				CLANG_WARN__DUPLICATE_METHOD_MATCH = YES;
				COPY_PHASE_STRIP = NO;
				DEBUG_INFORMATION_FORMAT = "dwarf-with-dsym";
				ENABLE_NS_ASSERTIONS = NO;
				ENABLE_STRICT_OBJC_MSGSEND = YES;
				GCC_C_LANGUAGE_STANDARD = gnu11;
				GCC_NO_COMMON_BLOCKS = YES;
				GCC_WARN_64_TO_32_BIT_CONVERSION = YES;
				GCC_WARN_ABOUT_RETURN_TYPE = YES_ERROR;
				GCC_WARN_UNDECLARED_SELECTOR = YES;
				GCC_WARN_UNINITIALIZED_AUTOS = YES_AGGRESSIVE;
				GCC_WARN_UNUSED_FUNCTION = YES;
				GCC_WARN_UNUSED_VARIABLE = YES;
				IPHONEOS_DEPLOYMENT_TARGET = 15.5;
				MTL_ENABLE_DEBUG_INFO = NO;
				MTL_FAST_MATH = YES;
				SDKROOT = iphoneos;
				SWIFT_COMPILATION_MODE = wholemodule;
				SWIFT_OPTIMIZATION_LEVEL = "-O";
				VALIDATE_PRODUCT = YES;
			};
			name = Release;
		};
		DE956ED52855117700A514A8 /* Debug */ = {
			isa = XCBuildConfiguration;
			buildSettings = {
				ASSETCATALOG_COMPILER_APPICON_NAME = AppIcon;
				ASSETCATALOG_COMPILER_GLOBAL_ACCENT_COLOR_NAME = AccentColor;
				CODE_SIGN_STYLE = Automatic;
				CURRENT_PROJECT_VERSION = 1;
				DEVELOPMENT_ASSET_PATHS = "\"networkapp/Preview Content\"";
				DEVELOPMENT_TEAM = 3C28VSPT6P;
				ENABLE_PREVIEWS = YES;
				GENERATE_INFOPLIST_FILE = YES;
				INFOPLIST_KEY_UIApplicationSceneManifest_Generation = YES;
				INFOPLIST_KEY_UIApplicationSupportsIndirectInputEvents = YES;
				INFOPLIST_KEY_UILaunchScreen_Generation = YES;
				INFOPLIST_KEY_UISupportedInterfaceOrientations_iPad = "UIInterfaceOrientationPortrait UIInterfaceOrientationPortraitUpsideDown UIInterfaceOrientationLandscapeLeft UIInterfaceOrientationLandscapeRight";
				INFOPLIST_KEY_UISupportedInterfaceOrientations_iPhone = "UIInterfaceOrientationPortrait UIInterfaceOrientationLandscapeLeft UIInterfaceOrientationLandscapeRight";
				LD_RUNPATH_SEARCH_PATHS = (
					"$(inherited)",
					"@executable_path/Frameworks",
				);
				MARKETING_VERSION = 1.0;
				PRODUCT_BUNDLE_IDENTIFIER = Nikhil.networkapp;
				PRODUCT_NAME = "$(TARGET_NAME)";
				SWIFT_EMIT_LOC_STRINGS = YES;
				SWIFT_VERSION = 5.0;
				TARGETED_DEVICE_FAMILY = "1,2";
			};
			name = Debug;
		};
		DE956ED62855117700A514A8 /* Release */ = {
			isa = XCBuildConfiguration;
			buildSettings = {
				ASSETCATALOG_COMPILER_APPICON_NAME = AppIcon;
				ASSETCATALOG_COMPILER_GLOBAL_ACCENT_COLOR_NAME = AccentColor;
				CODE_SIGN_STYLE = Automatic;
				CURRENT_PROJECT_VERSION = 1;
				DEVELOPMENT_ASSET_PATHS = "\"networkapp/Preview Content\"";
				DEVELOPMENT_TEAM = 3C28VSPT6P;
				ENABLE_PREVIEWS = YES;
				GENERATE_INFOPLIST_FILE = YES;
				INFOPLIST_KEY_UIApplicationSceneManifest_Generation = YES;
				INFOPLIST_KEY_UIApplicationSupportsIndirectInputEvents = YES;
				INFOPLIST_KEY_UILaunchScreen_Generation = YES;
				INFOPLIST_KEY_UISupportedInterfaceOrientations_iPad = "UIInterfaceOrientationPortrait UIInterfaceOrientationPortraitUpsideDown UIInterfaceOrientationLandscapeLeft UIInterfaceOrientationLandscapeRight";
				INFOPLIST_KEY_UISupportedInterfaceOrientations_iPhone = "UIInterfaceOrientationPortrait UIInterfaceOrientationLandscapeLeft UIInterfaceOrientationLandscapeRight";
				LD_RUNPATH_SEARCH_PATHS = (
					"$(inherited)",
					"@executable_path/Frameworks",
				);
				MARKETING_VERSION = 1.0;
				PRODUCT_BUNDLE_IDENTIFIER = Nikhil.networkapp;
				PRODUCT_NAME = "$(TARGET_NAME)";
				SWIFT_EMIT_LOC_STRINGS = YES;
				SWIFT_VERSION = 5.0;
				TARGETED_DEVICE_FAMILY = "1,2";
			};
			name = Release;
		};
		DE956ED82855117700A514A8 /* Debug */ = {
			isa = XCBuildConfiguration;
			buildSettings = {
				ALWAYS_EMBED_SWIFT_STANDARD_LIBRARIES = YES;
				BUNDLE_LOADER = "$(TEST_HOST)";
				CODE_SIGN_STYLE = Automatic;
				CURRENT_PROJECT_VERSION = 1;
				GENERATE_INFOPLIST_FILE = YES;
				IPHONEOS_DEPLOYMENT_TARGET = 15.5;
				MARKETING_VERSION = 1.0;
				PRODUCT_BUNDLE_IDENTIFIER = Nikhil.networkappTests;
				PRODUCT_NAME = "$(TARGET_NAME)";
				SWIFT_EMIT_LOC_STRINGS = NO;
				SWIFT_VERSION = 5.0;
				TARGETED_DEVICE_FAMILY = "1,2";
				TEST_HOST = "$(BUILT_PRODUCTS_DIR)/networkapp.app/networkapp";
			};
			name = Debug;
		};
		DE956ED92855117700A514A8 /* Release */ = {
			isa = XCBuildConfiguration;
			buildSettings = {
				ALWAYS_EMBED_SWIFT_STANDARD_LIBRARIES = YES;
				BUNDLE_LOADER = "$(TEST_HOST)";
				CODE_SIGN_STYLE = Automatic;
				CURRENT_PROJECT_VERSION = 1;
				GENERATE_INFOPLIST_FILE = YES;
				IPHONEOS_DEPLOYMENT_TARGET = 15.5;
				MARKETING_VERSION = 1.0;
				PRODUCT_BUNDLE_IDENTIFIER = Nikhil.networkappTests;
				PRODUCT_NAME = "$(TARGET_NAME)";
				SWIFT_EMIT_LOC_STRINGS = NO;
				SWIFT_VERSION = 5.0;
				TARGETED_DEVICE_FAMILY = "1,2";
				TEST_HOST = "$(BUILT_PRODUCTS_DIR)/networkapp.app/networkapp";
			};
			name = Release;
		};
		DE956EDB2855117700A514A8 /* Debug */ = {
			isa = XCBuildConfiguration;
			buildSettings = {
				ALWAYS_EMBED_SWIFT_STANDARD_LIBRARIES = YES;
				CODE_SIGN_STYLE = Automatic;
				CURRENT_PROJECT_VERSION = 1;
				GENERATE_INFOPLIST_FILE = YES;
				MARKETING_VERSION = 1.0;
				PRODUCT_BUNDLE_IDENTIFIER = Nikhil.networkappUITests;
				PRODUCT_NAME = "$(TARGET_NAME)";
				SWIFT_EMIT_LOC_STRINGS = NO;
				SWIFT_VERSION = 5.0;
				TARGETED_DEVICE_FAMILY = "1,2";
				TEST_TARGET_NAME = networkapp;
			};
			name = Debug;
		};
		DE956EDC2855117700A514A8 /* Release */ = {
			isa = XCBuildConfiguration;
			buildSettings = {
				ALWAYS_EMBED_SWIFT_STANDARD_LIBRARIES = YES;
				CODE_SIGN_STYLE = Automatic;
				CURRENT_PROJECT_VERSION = 1;
				GENERATE_INFOPLIST_FILE = YES;
				MARKETING_VERSION = 1.0;
				PRODUCT_BUNDLE_IDENTIFIER = Nikhil.networkappUITests;
				PRODUCT_NAME = "$(TARGET_NAME)";
				SWIFT_EMIT_LOC_STRINGS = NO;
				SWIFT_VERSION = 5.0;
				TARGETED_DEVICE_FAMILY = "1,2";
				TEST_TARGET_NAME = networkapp;
			};
			name = Release;
		};
/* End XCBuildConfiguration section */

/* Begin XCConfigurationList section */
		DE956EAB2855117100A514A8 /* Build configuration list for PBXProject "networkapp" */ = {
			isa = XCConfigurationList;
			buildConfigurations = (
				DE956ED22855117700A514A8 /* Debug */,
				DE956ED32855117700A514A8 /* Release */,
			);
			defaultConfigurationIsVisible = 0;
			defaultConfigurationName = Release;
		};
		DE956ED42855117700A514A8 /* Build configuration list for PBXNativeTarget "networkapp" */ = {
			isa = XCConfigurationList;
			buildConfigurations = (
				DE956ED52855117700A514A8 /* Debug */,
				DE956ED62855117700A514A8 /* Release */,
			);
			defaultConfigurationIsVisible = 0;
			defaultConfigurationName = Release;
		};
		DE956ED72855117700A514A8 /* Build configuration list for PBXNativeTarget "networkappTests" */ = {
			isa = XCConfigurationList;
			buildConfigurations = (
				DE956ED82855117700A514A8 /* Debug */,
				DE956ED92855117700A514A8 /* Release */,
			);
			defaultConfigurationIsVisible = 0;
			defaultConfigurationName = Release;
		};
		DE956EDA2855117700A514A8 /* Build configuration list for PBXNativeTarget "networkappUITests" */ = {
			isa = XCConfigurationList;
			buildConfigurations = (
				DE956EDB2855117700A514A8 /* Debug */,
				DE956EDC2855117700A514A8 /* Release */,
			);
			defaultConfigurationIsVisible = 0;
			defaultConfigurationName = Release;
		};
/* End XCConfigurationList section */
	};
	rootObject = DE956EA82855117100A514A8 /* Project object */;
}
